
Microsoft Visual Studio Solution File, Format Version 12.00
# Visual Studio Version 17
VisualStudioVersion = 17.8.34511.84
MinimumVisualStudioVersion = 10.0.40219.1
Project("{9A19103F-16F7-4668-BE54-9A1E7A4F7556}") = "TestChInvestBank", "TestChInvestBank\TestChInvestBank.csproj", "{8B9CEE33-FB3A-4E56-8AF2-91D5374A17A2}"
EndProject
Global
	GlobalSection(SolutionConfigurationPlatforms) = preSolution
		Debug|Any CPU = Debug|Any CPU
		Release|Any CPU = Release|Any CPU
	EndGlobalSection
	GlobalSection(ProjectConfigurationPlatforms) = postSolution
		{8B9CEE33-FB3A-4E56-8AF2-91D5374A17A2}.Debug|Any CPU.ActiveCfg = Debug|Any CPU
		{8B9CEE33-FB3A-4E56-8AF2-91D5374A17A2}.Debug|Any CPU.Build.0 = Debug|Any CPU
		{8B9CEE33-FB3A-4E56-8AF2-91D5374A17A2}.Release|Any CPU.ActiveCfg = Release|Any CPU
		{8B9CEE33-FB3A-4E56-8AF2-91D5374A17A2}.Release|Any CPU.Build.0 = Release|Any CPU
	EndGlobalSection
	GlobalSection(SolutionProperties) = preSolution
		HideSolutionNode = FALSE
	EndGlobalSection
	GlobalSection(ExtensibilityGlobals) = postSolution
		SolutionGuid = {B36936AA-D6DC-4633-8EC4-4B437402C8F7}
	EndGlobalSection
EndGlobal
